// !$*UTF8*$!
{
	archiveVersion = 1;
	classes = {
	};
	objectVersion = 50;
	objects = {

/* Begin PBXBuildFile section */
		62D6B19D22AF4920008142B7 /* AppDelegate.swift in Sources */ = {isa = PBXBuildFile; fileRef = 62D6B19C22AF4920008142B7 /* AppDelegate.swift */; };
		62D6B19F22AF4920008142B7 /* ViewController.swift in Sources */ = {isa = PBXBuildFile; fileRef = 62D6B19E22AF4920008142B7 /* ViewController.swift */; };
		62D6B1A222AF4920008142B7 /* Main.storyboard in Resources */ = {isa = PBXBuildFile; fileRef = 62D6B1A022AF4920008142B7 /* Main.storyboard */; };
		62D6B1A522AF4920008142B7 /* VectorBallers.xcdatamodeld in Sources */ = {isa = PBXBuildFile; fileRef = 62D6B1A322AF4920008142B7 /* VectorBallers.xcdatamodeld */; };
		62D6B1A722AF4920008142B7 /* Assets.xcassets in Resources */ = {isa = PBXBuildFile; fileRef = 62D6B1A622AF4920008142B7 /* Assets.xcassets */; };
		62D6B1AA22AF4920008142B7 /* LaunchScreen.storyboard in Resources */ = {isa = PBXBuildFile; fileRef = 62D6B1A822AF4920008142B7 /* LaunchScreen.storyboard */; };
		62D6B1B522AF4921008142B7 /* VectorBallersTests.swift in Sources */ = {isa = PBXBuildFile; fileRef = 62D6B1B422AF4921008142B7 /* VectorBallersTests.swift */; };
		62D6B1C022AF4921008142B7 /* VectorBallersUITests.swift in Sources */ = {isa = PBXBuildFile; fileRef = 62D6B1BF22AF4921008142B7 /* VectorBallersUITests.swift */; };
		62D6B1CE22AF4ABA008142B7 /* VectorBall.swift in Sources */ = {isa = PBXBuildFile; fileRef = 62D6B1CD22AF4ABA008142B7 /* VectorBall.swift */; };
		62D6B1E522AF5282008142B7 /* UIColorExtension.swift in Sources */ = {isa = PBXBuildFile; fileRef = 62D6B1D022AF5282008142B7 /* UIColorExtension.swift */; };
		62D6B1E622AF5282008142B7 /* enumExtension.swift in Sources */ = {isa = PBXBuildFile; fileRef = 62D6B1D122AF5282008142B7 /* enumExtension.swift */; };
		62D6B1E722AF5282008142B7 /* StringExtension.swift in Sources */ = {isa = PBXBuildFile; fileRef = 62D6B1D222AF5282008142B7 /* StringExtension.swift */; };
/* End PBXBuildFile section */

/* Begin PBXContainerItemProxy section */
		62D6B1B122AF4921008142B7 /* PBXContainerItemProxy */ = {
			isa = PBXContainerItemProxy;
			containerPortal = 62D6B19122AF4920008142B7 /* Project object */;
			proxyType = 1;
			remoteGlobalIDString = 62D6B19822AF4920008142B7;
			remoteInfo = VectorBallers;
		};
		62D6B1BC22AF4921008142B7 /* PBXContainerItemProxy */ = {
			isa = PBXContainerItemProxy;
			containerPortal = 62D6B19122AF4920008142B7 /* Project object */;
			proxyType = 1;
			remoteGlobalIDString = 62D6B19822AF4920008142B7;
			remoteInfo = VectorBallers;
		};
/* End PBXContainerItemProxy section */

/* Begin PBXFileReference section */
		62D6B19922AF4920008142B7 /* VectorBallers.app */ = {isa = PBXFileReference; explicitFileType = wrapper.application; includeInIndex = 0; path = VectorBallers.app; sourceTree = BUILT_PRODUCTS_DIR; };
		62D6B19C22AF4920008142B7 /* AppDelegate.swift */ = {isa = PBXFileReference; lastKnownFileType = sourcecode.swift; path = AppDelegate.swift; sourceTree = "<group>"; };
		62D6B19E22AF4920008142B7 /* ViewController.swift */ = {isa = PBXFileReference; lastKnownFileType = sourcecode.swift; path = ViewController.swift; sourceTree = "<group>"; };
		62D6B1A122AF4920008142B7 /* Base */ = {isa = PBXFileReference; lastKnownFileType = file.storyboard; name = Base; path = Base.lproj/Main.storyboard; sourceTree = "<group>"; };
		62D6B1A422AF4920008142B7 /* VectorBallers.xcdatamodel */ = {isa = PBXFileReference; lastKnownFileType = wrapper.xcdatamodel; path = VectorBallers.xcdatamodel; sourceTree = "<group>"; };
		62D6B1A622AF4920008142B7 /* Assets.xcassets */ = {isa = PBXFileReference; lastKnownFileType = folder.assetcatalog; path = Assets.xcassets; sourceTree = "<group>"; };
		62D6B1A922AF4920008142B7 /* Base */ = {isa = PBXFileReference; lastKnownFileType = file.storyboard; name = Base; path = Base.lproj/LaunchScreen.storyboard; sourceTree = "<group>"; };
		62D6B1AB22AF4920008142B7 /* Info.plist */ = {isa = PBXFileReference; lastKnownFileType = text.plist.xml; path = Info.plist; sourceTree = "<group>"; };
		62D6B1B022AF4921008142B7 /* VectorBallersTests.xctest */ = {isa = PBXFileReference; explicitFileType = wrapper.cfbundle; includeInIndex = 0; path = VectorBallersTests.xctest; sourceTree = BUILT_PRODUCTS_DIR; };
		62D6B1B422AF4921008142B7 /* VectorBallersTests.swift */ = {isa = PBXFileReference; lastKnownFileType = sourcecode.swift; path = VectorBallersTests.swift; sourceTree = "<group>"; };
		62D6B1B622AF4921008142B7 /* Info.plist */ = {isa = PBXFileReference; lastKnownFileType = text.plist.xml; path = Info.plist; sourceTree = "<group>"; };
		62D6B1BB22AF4921008142B7 /* VectorBallersUITests.xctest */ = {isa = PBXFileReference; explicitFileType = wrapper.cfbundle; includeInIndex = 0; path = VectorBallersUITests.xctest; sourceTree = BUILT_PRODUCTS_DIR; };
		62D6B1BF22AF4921008142B7 /* VectorBallersUITests.swift */ = {isa = PBXFileReference; lastKnownFileType = sourcecode.swift; path = VectorBallersUITests.swift; sourceTree = "<group>"; };
		62D6B1C122AF4921008142B7 /* Info.plist */ = {isa = PBXFileReference; lastKnownFileType = text.plist.xml; path = Info.plist; sourceTree = "<group>"; };
		62D6B1CD22AF4ABA008142B7 /* VectorBall.swift */ = {isa = PBXFileReference; lastKnownFileType = sourcecode.swift; path = VectorBall.swift; sourceTree = "<group>"; };
		62D6B1D022AF5282008142B7 /* UIColorExtension.swift */ = {isa = PBXFileReference; fileEncoding = 4; lastKnownFileType = sourcecode.swift; path = UIColorExtension.swift; sourceTree = "<group>"; };
		62D6B1D122AF5282008142B7 /* enumExtension.swift */ = {isa = PBXFileReference; fileEncoding = 4; lastKnownFileType = sourcecode.swift; path = enumExtension.swift; sourceTree = "<group>"; };
		62D6B1D222AF5282008142B7 /* StringExtension.swift */ = {isa = PBXFileReference; fileEncoding = 4; lastKnownFileType = sourcecode.swift; path = StringExtension.swift; sourceTree = "<group>"; };
/* End PBXFileReference section */

/* Begin PBXFrameworksBuildPhase section */
		62D6B19622AF4920008142B7 /* Frameworks */ = {
			isa = PBXFrameworksBuildPhase;
			buildActionMask = 2147483647;
			files = (
			);
			runOnlyForDeploymentPostprocessing = 0;
		};
		62D6B1AD22AF4921008142B7 /* Frameworks */ = {
			isa = PBXFrameworksBuildPhase;
			buildActionMask = 2147483647;
			files = (
			);
			runOnlyForDeploymentPostprocessing = 0;
		};
		62D6B1B822AF4921008142B7 /* Frameworks */ = {
			isa = PBXFrameworksBuildPhase;
			buildActionMask = 2147483647;
			files = (
			);
			runOnlyForDeploymentPostprocessing = 0;
		};
/* End PBXFrameworksBuildPhase section */

/* Begin PBXGroup section */
		62D6B19022AF4920008142B7 = {
			isa = PBXGroup;
			children = (
				62D6B19B22AF4920008142B7 /* VectorBallers */,
				62D6B1B322AF4921008142B7 /* VectorBallersTests */,
				62D6B1BE22AF4921008142B7 /* VectorBallersUITests */,
				62D6B19A22AF4920008142B7 /* Products */,
			);
			sourceTree = "<group>";
		};
		62D6B19A22AF4920008142B7 /* Products */ = {
			isa = PBXGroup;
			children = (
				62D6B19922AF4920008142B7 /* VectorBallers.app */,
				62D6B1B022AF4921008142B7 /* VectorBallersTests.xctest */,
				62D6B1BB22AF4921008142B7 /* VectorBallersUITests.xctest */,
			);
			name = Products;
			sourceTree = "<group>";
		};
		62D6B19B22AF4920008142B7 /* VectorBallers */ = {
			isa = PBXGroup;
			children = (
				62D6B1CF22AF5282008142B7 /* Extensions */,
				62D6B19C22AF4920008142B7 /* AppDelegate.swift */,
				62D6B19E22AF4920008142B7 /* ViewController.swift */,
				62D6B1CD22AF4ABA008142B7 /* VectorBall.swift */,
				62D6B1A022AF4920008142B7 /* Main.storyboard */,
				62D6B1A622AF4920008142B7 /* Assets.xcassets */,
				62D6B1A822AF4920008142B7 /* LaunchScreen.storyboard */,
				62D6B1AB22AF4920008142B7 /* Info.plist */,
				62D6B1A322AF4920008142B7 /* VectorBallers.xcdatamodeld */,
			);
			path = VectorBallers;
			sourceTree = "<group>";
		};
		62D6B1B322AF4921008142B7 /* VectorBallersTests */ = {
			isa = PBXGroup;
			children = (
				62D6B1B422AF4921008142B7 /* VectorBallersTests.swift */,
				62D6B1B622AF4921008142B7 /* Info.plist */,
			);
			path = VectorBallersTests;
			sourceTree = "<group>";
		};
		62D6B1BE22AF4921008142B7 /* VectorBallersUITests */ = {
			isa = PBXGroup;
			children = (
				62D6B1BF22AF4921008142B7 /* VectorBallersUITests.swift */,
				62D6B1C122AF4921008142B7 /* Info.plist */,
			);
			path = VectorBallersUITests;
			sourceTree = "<group>";
		};
		62D6B1CF22AF5282008142B7 /* Extensions */ = {
			isa = PBXGroup;
			children = (
				62D6B1D022AF5282008142B7 /* UIColorExtension.swift */,
				62D6B1D122AF5282008142B7 /* enumExtension.swift */,
				62D6B1D222AF5282008142B7 /* StringExtension.swift */,
			);
			path = Extensions;
			sourceTree = "<group>";
		};
/* End PBXGroup section */

/* Begin PBXNativeTarget section */
		62D6B19822AF4920008142B7 /* VectorBallers */ = {
			isa = PBXNativeTarget;
			buildConfigurationList = 62D6B1C422AF4921008142B7 /* Build configuration list for PBXNativeTarget "VectorBallers" */;
			buildPhases = (
				62D6B19522AF4920008142B7 /* Sources */,
				62D6B19622AF4920008142B7 /* Frameworks */,
				62D6B19722AF4920008142B7 /* Resources */,
			);
			buildRules = (
			);
			dependencies = (
			);
			name = VectorBallers;
			productName = VectorBallers;
			productReference = 62D6B19922AF4920008142B7 /* VectorBallers.app */;
			productType = "com.apple.product-type.application";
		};
		62D6B1AF22AF4921008142B7 /* VectorBallersTests */ = {
			isa = PBXNativeTarget;
			buildConfigurationList = 62D6B1C722AF4921008142B7 /* Build configuration list for PBXNativeTarget "VectorBallersTests" */;
			buildPhases = (
				62D6B1AC22AF4921008142B7 /* Sources */,
				62D6B1AD22AF4921008142B7 /* Frameworks */,
				62D6B1AE22AF4921008142B7 /* Resources */,
			);
			buildRules = (
			);
			dependencies = (
				62D6B1B222AF4921008142B7 /* PBXTargetDependency */,
			);
			name = VectorBallersTests;
			productName = VectorBallersTests;
			productReference = 62D6B1B022AF4921008142B7 /* VectorBallersTests.xctest */;
			productType = "com.apple.product-type.bundle.unit-test";
		};
		62D6B1BA22AF4921008142B7 /* VectorBallersUITests */ = {
			isa = PBXNativeTarget;
			buildConfigurationList = 62D6B1CA22AF4921008142B7 /* Build configuration list for PBXNativeTarget "VectorBallersUITests" */;
			buildPhases = (
				62D6B1B722AF4921008142B7 /* Sources */,
				62D6B1B822AF4921008142B7 /* Frameworks */,
				62D6B1B922AF4921008142B7 /* Resources */,
			);
			buildRules = (
			);
			dependencies = (
				62D6B1BD22AF4921008142B7 /* PBXTargetDependency */,
			);
			name = VectorBallersUITests;
			productName = VectorBallersUITests;
			productReference = 62D6B1BB22AF4921008142B7 /* VectorBallersUITests.xctest */;
			productType = "com.apple.product-type.bundle.ui-testing";
		};
/* End PBXNativeTarget section */

/* Begin PBXProject section */
		62D6B19122AF4920008142B7 /* Project object */ = {
			isa = PBXProject;
			attributes = {
				LastSwiftUpdateCheck = 0940;
				LastUpgradeCheck = 0940;
				ORGANIZATIONNAME = chongyang;
				TargetAttributes = {
					62D6B19822AF4920008142B7 = {
						CreatedOnToolsVersion = 9.4.1;
					};
					62D6B1AF22AF4921008142B7 = {
						CreatedOnToolsVersion = 9.4.1;
						TestTargetID = 62D6B19822AF4920008142B7;
					};
					62D6B1BA22AF4921008142B7 = {
						CreatedOnToolsVersion = 9.4.1;
						TestTargetID = 62D6B19822AF4920008142B7;
					};
				};
			};
			buildConfigurationList = 62D6B19422AF4920008142B7 /* Build configuration list for PBXProject "VectorBallers" */;
			compatibilityVersion = "Xcode 9.3";
			developmentRegion = en;
			hasScannedForEncodings = 0;
			knownRegions = (
				en,
				Base,
			);
			mainGroup = 62D6B19022AF4920008142B7;
			productRefGroup = 62D6B19A22AF4920008142B7 /* Products */;
			projectDirPath = "";
			projectRoot = "";
			targets = (
				62D6B19822AF4920008142B7 /* VectorBallers */,
				62D6B1AF22AF4921008142B7 /* VectorBallersTests */,
				62D6B1BA22AF4921008142B7 /* VectorBallersUITests */,
			);
		};
/* End PBXProject section */

/* Begin PBXResourcesBuildPhase section */
		62D6B19722AF4920008142B7 /* Resources */ = {
			isa = PBXResourcesBuildPhase;
			buildActionMask = 2147483647;
			files = (
				62D6B1AA22AF4920008142B7 /* LaunchScreen.storyboard in Resources */,
				62D6B1A722AF4920008142B7 /* Assets.xcassets in Resources */,
				62D6B1A222AF4920008142B7 /* Main.storyboard in Resources */,
			);
			runOnlyForDeploymentPostprocessing = 0;
		};
		62D6B1AE22AF4921008142B7 /* Resources */ = {
			isa = PBXResourcesBuildPhase;
			buildActionMask = 2147483647;
			files = (
			);
			runOnlyForDeploymentPostprocessing = 0;
		};
		62D6B1B922AF4921008142B7 /* Resources */ = {
			isa = PBXResourcesBuildPhase;
			buildActionMask = 2147483647;
			files = (
			);
			runOnlyForDeploymentPostprocessing = 0;
		};
/* End PBXResourcesBuildPhase section */

/* Begin PBXSourcesBuildPhase section */
		62D6B19522AF4920008142B7 /* Sources */ = {
			isa = PBXSourcesBuildPhase;
			buildActionMask = 2147483647;
			files = (
				62D6B1A522AF4920008142B7 /* VectorBallers.xcdatamodeld in Sources */,
				62D6B1E722AF5282008142B7 /* StringExtension.swift in Sources */,
				62D6B1CE22AF4ABA008142B7 /* VectorBall.swift in Sources */,
				62D6B1E622AF5282008142B7 /* enumExtension.swift in Sources */,
				62D6B1E522AF5282008142B7 /* UIColorExtension.swift in Sources */,
				62D6B19F22AF4920008142B7 /* ViewController.swift in Sources */,
				62D6B19D22AF4920008142B7 /* AppDelegate.swift in Sources */,
			);
			runOnlyForDeploymentPostprocessing = 0;
		};
		62D6B1AC22AF4921008142B7 /* Sources */ = {
			isa = PBXSourcesBuildPhase;
			buildActionMask = 2147483647;
			files = (
				62D6B1B522AF4921008142B7 /* VectorBallersTests.swift in Sources */,
			);
			runOnlyForDeploymentPostprocessing = 0;
		};
		62D6B1B722AF4921008142B7 /* Sources */ = {
			isa = PBXSourcesBuildPhase;
			buildActionMask = 2147483647;
			files = (
				62D6B1C022AF4921008142B7 /* VectorBallersUITests.swift in Sources */,
			);
			runOnlyForDeploymentPostprocessing = 0;
		};
/* End PBXSourcesBuildPhase section */

/* Begin PBXTargetDependency section */
		62D6B1B222AF4921008142B7 /* PBXTargetDependency */ = {
			isa = PBXTargetDependency;
			target = 62D6B19822AF4920008142B7 /* VectorBallers */;
			targetProxy = 62D6B1B122AF4921008142B7 /* PBXContainerItemProxy */;
		};
		62D6B1BD22AF4921008142B7 /* PBXTargetDependency */ = {
			isa = PBXTargetDependency;
			target = 62D6B19822AF4920008142B7 /* VectorBallers */;
			targetProxy = 62D6B1BC22AF4921008142B7 /* PBXContainerItemProxy */;
		};
/* End PBXTargetDependency section */

/* Begin PBXVariantGroup section */
		62D6B1A022AF4920008142B7 /* Main.storyboard */ = {
			isa = PBXVariantGroup;
			children = (
				62D6B1A122AF4920008142B7 /* Base */,
			);
			name = Main.storyboard;
			sourceTree = "<group>";
		};
		62D6B1A822AF4920008142B7 /* LaunchScreen.storyboard */ = {
			isa = PBXVariantGroup;
			children = (
				62D6B1A922AF4920008142B7 /* Base */,
			);
			name = LaunchScreen.storyboard;
			sourceTree = "<group>";
		};
/* End PBXVariantGroup section */

/* Begin XCBuildConfiguration section */
		62D6B1C222AF4921008142B7 /* Debug */ = {
			isa = XCBuildConfiguration;
			buildSettings = {
				ALWAYS_SEARCH_USER_PATHS = NO;
				CLANG_ANALYZER_NONNULL = YES;
				CLANG_ANALYZER_NUMBER_OBJECT_CONVERSION = YES_AGGRESSIVE;
				CLANG_CXX_LANGUAGE_STANDARD = "gnu++14";
				CLANG_CXX_LIBRARY = "libc++";
				CLANG_ENABLE_MODULES = YES;
				CLANG_ENABLE_OBJC_ARC = YES;
				CLANG_ENABLE_OBJC_WEAK = YES;
				CLANG_WARN_BLOCK_CAPTURE_AUTORELEASING = YES;
				CLANG_WARN_BOOL_CONVERSION = YES;
				CLANG_WARN_COMMA = YES;
				CLANG_WARN_CONSTANT_CONVERSION = YES;
				CLANG_WARN_DEPRECATED_OBJC_IMPLEMENTATIONS = YES;
				CLANG_WARN_DIRECT_OBJC_ISA_USAGE = YES_ERROR;
				CLANG_WARN_DOCUMENTATION_COMMENTS = YES;
				CLANG_WARN_EMPTY_BODY = YES;
				CLANG_WARN_ENUM_CONVERSION = YES;
				CLANG_WARN_INFINITE_RECURSION = YES;
				CLANG_WARN_INT_CONVERSION = YES;
				CLANG_WARN_NON_LITERAL_NULL_CONVERSION = YES;
				CLANG_WARN_OBJC_IMPLICIT_RETAIN_SELF = YES;
				CLANG_WARN_OBJC_LITERAL_CONVERSION = YES;
				CLANG_WARN_OBJC_ROOT_CLASS = YES_ERROR;
				CLANG_WARN_RANGE_LOOP_ANALYSIS = YES;
				CLANG_WARN_STRICT_PROTOTYPES = YES;
				CLANG_WARN_SUSPICIOUS_MOVE = YES;
				CLANG_WARN_UNGUARDED_AVAILABILITY = YES_AGGRESSIVE;
				CLANG_WARN_UNREACHABLE_CODE = YES;
				CLANG_WARN__DUPLICATE_METHOD_MATCH = YES;
				CODE_SIGN_IDENTITY = "iPhone Developer";
				COPY_PHASE_STRIP = NO;
				DEBUG_INFORMATION_FORMAT = dwarf;
				ENABLE_STRICT_OBJC_MSGSEND = YES;
				ENABLE_TESTABILITY = YES;
				GCC_C_LANGUAGE_STANDARD = gnu11;
				GCC_DYNAMIC_NO_PIC = NO;
				GCC_NO_COMMON_BLOCKS = YES;
				GCC_OPTIMIZATION_LEVEL = 0;
				GCC_PREPROCESSOR_DEFINITIONS = (
					"DEBUG=1",
					"$(inherited)",
				);
				GCC_WARN_64_TO_32_BIT_CONVERSION = YES;
				GCC_WARN_ABOUT_RETURN_TYPE = YES_ERROR;
				GCC_WARN_UNDECLARED_SELECTOR = YES;
				GCC_WARN_UNINITIALIZED_AUTOS = YES_AGGRESSIVE;
				GCC_WARN_UNUSED_FUNCTION = YES;
				GCC_WARN_UNUSED_VARIABLE = YES;
				IPHONEOS_DEPLOYMENT_TARGET = 11.4;
				MTL_ENABLE_DEBUG_INFO = YES;
				ONLY_ACTIVE_ARCH = YES;
				SDKROOT = iphoneos;
				SWIFT_ACTIVE_COMPILATION_CONDITIONS = DEBUG;
				SWIFT_OPTIMIZATION_LEVEL = "-Onone";
			};
			name = Debug;
		};
		62D6B1C322AF4921008142B7 /* Release */ = {
			isa = XCBuildConfiguration;
			buildSettings = {
				ALWAYS_SEARCH_USER_PATHS = NO;
				CLANG_ANALYZER_NONNULL = YES;
				CLANG_ANALYZER_NUMBER_OBJECT_CONVERSION = YES_AGGRESSIVE;
				CLANG_CXX_LANGUAGE_STANDARD = "gnu++14";
				CLANG_CXX_LIBRARY = "libc++";
				CLANG_ENABLE_MODULES = YES;
				CLANG_ENABLE_OBJC_ARC = YES;
				CLANG_ENABLE_OBJC_WEAK = YES;
				CLANG_WARN_BLOCK_CAPTURE_AUTORELEASING = YES;
				CLANG_WARN_BOOL_CONVERSION = YES;
				CLANG_WARN_COMMA = YES;
				CLANG_WARN_CONSTANT_CONVERSION = YES;
				CLANG_WARN_DEPRECATED_OBJC_IMPLEMENTATIONS = YES;
				CLANG_WARN_DIRECT_OBJC_ISA_USAGE = YES_ERROR;
				CLANG_WARN_DOCUMENTATION_COMMENTS = YES;
				CLANG_WARN_EMPTY_BODY = YES;
				CLANG_WARN_ENUM_CONVERSION = YES;
				CLANG_WARN_INFINITE_RECURSION = YES;
				CLANG_WARN_INT_CONVERSION = YES;
				CLANG_WARN_NON_LITERAL_NULL_CONVERSION = YES;
				CLANG_WARN_OBJC_IMPLICIT_RETAIN_SELF = YES;
				CLANG_WARN_OBJC_LITERAL_CONVERSION = YES;
				CLANG_WARN_OBJC_ROOT_CLASS = YES_ERROR;
				CLANG_WARN_RANGE_LOOP_ANALYSIS = YES;
				CLANG_WARN_STRICT_PROTOTYPES = YES;
				CLANG_WARN_SUSPICIOUS_MOVE = YES;
				CLANG_WARN_UNGUARDED_AVAILABILITY = YES_AGGRESSIVE;
				CLANG_WARN_UNREACHABLE_CODE = YES;
				CLANG_WARN__DUPLICATE_METHOD_MATCH = YES;
				CODE_SIGN_IDENTITY = "iPhone Developer";
				COPY_PHASE_STRIP = NO;
				DEBUG_INFORMATION_FORMAT = "dwarf-with-dsym";
				ENABLE_NS_ASSERTIONS = NO;
				ENABLE_STRICT_OBJC_MSGSEND = YES;
				GCC_C_LANGUAGE_STANDARD = gnu11;
				GCC_NO_COMMON_BLOCKS = YES;
				GCC_WARN_64_TO_32_BIT_CONVERSION = YES;
				GCC_WARN_ABOUT_RETURN_TYPE = YES_ERROR;
				GCC_WARN_UNDECLARED_SELECTOR = YES;
				GCC_WARN_UNINITIALIZED_AUTOS = YES_AGGRESSIVE;
				GCC_WARN_UNUSED_FUNCTION = YES;
				GCC_WARN_UNUSED_VARIABLE = YES;
				IPHONEOS_DEPLOYMENT_TARGET = 11.4;
				MTL_ENABLE_DEBUG_INFO = NO;
				SDKROOT = iphoneos;
				SWIFT_COMPILATION_MODE = wholemodule;
				SWIFT_OPTIMIZATION_LEVEL = "-O";
				VALIDATE_PRODUCT = YES;
			};
			name = Release;
		};
		62D6B1C522AF4921008142B7 /* Debug */ = {
			isa = XCBuildConfiguration;
			buildSettings = {
				ASSETCATALOG_COMPILER_APPICON_NAME = AppIcon;
				CODE_SIGN_STYLE = Automatic;
				DEVELOPMENT_TEAM = 2Z76969JF4;
				INFOPLIST_FILE = VectorBallers/Info.plist;
				LD_RUNPATH_SEARCH_PATHS = (
					"$(inherited)",
					"@executable_path/Frameworks",
				);
				PRODUCT_BUNDLE_IDENTIFIER = chongyang.chen.VectorBallers;
				PRODUCT_NAME = "$(TARGET_NAME)";
				SWIFT_VERSION = 4.0;
				TARGETED_DEVICE_FAMILY = "1,2";
			};
			name = Debug;
		};
		62D6B1C622AF4921008142B7 /* Release */ = {
			isa = XCBuildConfiguration;
			buildSettings = {
				ASSETCATALOG_COMPILER_APPICON_NAME = AppIcon;
				CODE_SIGN_STYLE = Automatic;
				DEVELOPMENT_TEAM = 2Z76969JF4;
				INFOPLIST_FILE = VectorBallers/Info.plist;
				LD_RUNPATH_SEARCH_PATHS = (
					"$(inherited)",
					"@executable_path/Frameworks",
				);
				PRODUCT_BUNDLE_IDENTIFIER = chongyang.chen.VectorBallers;
				PRODUCT_NAME = "$(TARGET_NAME)";
				SWIFT_VERSION = 4.0;
				TARGETED_DEVICE_FAMILY = "1,2";
			};
			name = Release;
		};
		62D6B1C822AF4921008142B7 /* Debug */ = {
			isa = XCBuildConfiguration;
			buildSettings = {
				ALWAYS_EMBED_SWIFT_STANDARD_LIBRARIES = YES;
				BUNDLE_LOADER = "$(TEST_HOST)";
				CODE_SIGN_STYLE = Automatic;
				DEVELOPMENT_TEAM = 2Z76969JF4;
				INFOPLIST_FILE = VectorBallersTests/Info.plist;
				LD_RUNPATH_SEARCH_PATHS = (
					"$(inherited)",
					"@executable_path/Frameworks",
					"@loader_path/Frameworks",
				);
				PRODUCT_BUNDLE_IDENTIFIER = chongyang.chen.VectorBallersTests;
				PRODUCT_NAME = "$(TARGET_NAME)";
				SWIFT_VERSION = 4.0;
				TARGETED_DEVICE_FAMILY = "1,2";
				TEST_HOST = "$(BUILT_PRODUCTS_DIR)/VectorBallers.app/VectorBallers";
			};
			name = Debug;
		};
		62D6B1C922AF4921008142B7 /* Release */ = {
			isa = XCBuildConfiguration;
			buildSettings = {
				ALWAYS_EMBED_SWIFT_STANDARD_LIBRARIES = YES;
				BUNDLE_LOADER = "$(TEST_HOST)";
				CODE_SIGN_STYLE = Automatic;
				DEVELOPMENT_TEAM = 2Z76969JF4;
				INFOPLIST_FILE = VectorBallersTests/Info.plist;
				LD_RUNPATH_SEARCH_PATHS = (
					"$(inherited)",
					"@executable_path/Frameworks",
					"@loader_path/Frameworks",
				);
				PRODUCT_BUNDLE_IDENTIFIER = chongyang.chen.VectorBallersTests;
				PRODUCT_NAME = "$(TARGET_NAME)";
				SWIFT_VERSION = 4.0;
				TARGETED_DEVICE_FAMILY = "1,2";
				TEST_HOST = "$(BUILT_PRODUCTS_DIR)/VectorBallers.app/VectorBallers";
			};
			name = Release;
		};
		62D6B1CB22AF4921008142B7 /* Debug */ = {
			isa = XCBuildConfiguration;
			buildSettings = {
				ALWAYS_EMBED_SWIFT_STANDARD_LIBRARIES = YES;
				CODE_SIGN_STYLE = Automatic;
				DEVELOPMENT_TEAM = 2Z76969JF4;
				INFOPLIST_FILE = VectorBallersUITests/Info.plist;
				LD_RUNPATH_SEARCH_PATHS = (
					"$(inherited)",
					"@executable_path/Frameworks",
					"@loader_path/Frameworks",
				);
				PRODUCT_BUNDLE_IDENTIFIER = chongyang.chen.VectorBallersUITests;
				PRODUCT_NAME = "$(TARGET_NAME)";
				SWIFT_VERSION = 4.0;
				TARGETED_DEVICE_FAMILY = "1,2";
				TEST_TARGET_NAME = VectorBallers;
			};
			name = Debug;
		};
		62D6B1CC22AF4921008142B7 /* Release */ = {
			isa = XCBuildConfiguration;
			buildSettings = {
				ALWAYS_EMBED_SWIFT_STANDARD_LIBRARIES = YES;
				CODE_SIGN_STYLE = Automatic;
				DEVELOPMENT_TEAM = 2Z76969JF4;
				INFOPLIST_FILE = VectorBallersUITests/Info.plist;
				LD_RUNPATH_SEARCH_PATHS = (
					"$(inherited)",
					"@executable_path/Frameworks",
					"@loader_path/Frameworks",
				);
				PRODUCT_BUNDLE_IDENTIFIER = chongyang.chen.VectorBallersUITests;
				PRODUCT_NAME = "$(TARGET_NAME)";
				SWIFT_VERSION = 4.0;
				TARGETED_DEVICE_FAMILY = "1,2";
				TEST_TARGET_NAME = VectorBallers;
			};
			name = Release;
		};
/* End XCBuildConfiguration section */

/* Begin XCConfigurationList section */
		62D6B19422AF4920008142B7 /* Build configuration list for PBXProject "VectorBallers" */ = {
			isa = XCConfigurationList;
			buildConfigurations = (
				62D6B1C222AF4921008142B7 /* Debug */,
				62D6B1C322AF4921008142B7 /* Release */,
			);
			defaultConfigurationIsVisible = 0;
			defaultConfigurationName = Release;
		};
		62D6B1C422AF4921008142B7 /* Build configuration list for PBXNativeTarget "VectorBallers" */ = {
			isa = XCConfigurationList;
			buildConfigurations = (
				62D6B1C522AF4921008142B7 /* Debug */,
				62D6B1C622AF4921008142B7 /* Release */,
			);
			defaultConfigurationIsVisible = 0;
			defaultConfigurationName = Release;
		};
		62D6B1C722AF4921008142B7 /* Build configuration list for PBXNativeTarget "VectorBallersTests" */ = {
			isa = XCConfigurationList;
			buildConfigurations = (
				62D6B1C822AF4921008142B7 /* Debug */,
				62D6B1C922AF4921008142B7 /* Release */,
			);
			defaultConfigurationIsVisible = 0;
			defaultConfigurationName = Release;
		};
		62D6B1CA22AF4921008142B7 /* Build configuration list for PBXNativeTarget "VectorBallersUITests" */ = {
			isa = XCConfigurationList;
			buildConfigurations = (
				62D6B1CB22AF4921008142B7 /* Debug */,
				62D6B1CC22AF4921008142B7 /* Release */,
			);
			defaultConfigurationIsVisible = 0;
			defaultConfigurationName = Release;
		};
/* End XCConfigurationList section */

/* Begin XCVersionGroup section */
		62D6B1A322AF4920008142B7 /* VectorBallers.xcdatamodeld */ = {
			isa = XCVersionGroup;
			children = (
				62D6B1A422AF4920008142B7 /* VectorBallers.xcdatamodel */,
			);
			currentVersion = 62D6B1A422AF4920008142B7 /* VectorBallers.xcdatamodel */;
			path = VectorBallers.xcdatamodeld;
			sourceTree = "<group>";
			versionGroupType = wrapper.xcdatamodel;
		};
/* End XCVersionGroup section */
	};
	rootObject = 62D6B19122AF4920008142B7 /* Project object */;
}
